{
    "_meta": {
        "hash": {
            "sha256": "cef7efa925667869a748c2d1847040c9397ff8424b386881b3ae1b591f3719e6"
        },
        "pipfile-spec": 6,
        "requires": {
            "python_version": "3.12"
        },
        "sources": [
            {
                "name": "pypi",
                "url": "https://pypi.org/simple",
                "verify_ssl": true
            }
        ]
    },
    "default": {
        "env": {
            "hashes": [
                "sha256:e07975087b08dd2aea45bf83447c7e21f43cf916bbc2a0722fceb66e54d03935"
            ],
            "index": "pypi",
            "version": "==0.1.0"
        }
    },
    "develop": {}
}
